
Microsoft Visual Studio Solution File, Format Version 12.00
# Visual Studio 15
VisualStudioVersion = 15.0.25807.0
MinimumVisualStudioVersion = 10.0.40219.1
Project("{2150E333-8FDC-42A3-9474-1A3956D46DE8}") = "Engine", "Engine", "{7EB055F6-5379-4A76-A42C-A69678E6015A}"
EndProject
Project("{2150E333-8FDC-42A3-9474-1A3956D46DE8}") = "Games", "Games", "{4C33F02D-8DA0-442A-A650-8656AA8C2BC0}"
EndProject
Project("{8BC9CEB8-8B4A-11D0-8D11-00A0C91BC942}") = "UE4", "Intermediate\ProjectFiles\UE4.vcxproj", "{66AD8729-D700-4CB2-BC04-C8788059DBD1}"
EndProject
Project("{8BC9CEB8-8B4A-11D0-8D11-00A0C91BC942}") = "MyGame", "Intermediate\ProjectFiles\MyGame.vcxproj", "{1F31DD1C-097A-42B9-A359-4440A9D1536F}"
EndProject
Project("{2150E333-8FDC-42A3-9474-1A3956D46DE8}") = "Visualizers", "Visualizers", "{77AD4F9E-65A2-480F-A7AD-131EDEDBFC04}"
	ProjectSection(SolutionItems) = preProject
		..\..\Epic Games\UE_4.24\Engine\Extras\VisualStudioDebugging\UE4.natvis = ..\..\Epic Games\UE_4.24\Engine\Extras\VisualStudioDebugging\UE4.natvis
	EndProjectSection
EndProject
Global
	GlobalSection(SolutionConfigurationPlatforms) = preSolution
		DebugGame Editor|IOS = DebugGame Editor|IOS
		DebugGame Editor|Win32 = DebugGame Editor|Win32
		DebugGame Editor|Win64 = DebugGame Editor|Win64
		DebugGame|IOS = DebugGame|IOS
		DebugGame|Win32 = DebugGame|Win32
		DebugGame|Win64 = DebugGame|Win64
		Development Editor|IOS = Development Editor|IOS
		Development Editor|Win32 = Development Editor|Win32
		Development Editor|Win64 = Development Editor|Win64
		Development|IOS = Development|IOS
		Development|Win32 = Development|Win32
		Development|Win64 = Development|Win64
		Shipping|IOS = Shipping|IOS
		Shipping|Win32 = Shipping|Win32
		Shipping|Win64 = Shipping|Win64
	EndGlobalSection
	GlobalSection(ProjectConfigurationPlatforms) = postSolution
		{66AD8729-D700-4CB2-BC04-C8788059DBD1}.DebugGame Editor|IOS.ActiveCfg = BuiltWithUnrealBuildTool|Win32
		{66AD8729-D700-4CB2-BC04-C8788059DBD1}.DebugGame Editor|Win32.ActiveCfg = BuiltWithUnrealBuildTool|Win32
		{66AD8729-D700-4CB2-BC04-C8788059DBD1}.DebugGame Editor|Win64.ActiveCfg = BuiltWithUnrealBuildTool|Win32
		{66AD8729-D700-4CB2-BC04-C8788059DBD1}.DebugGame|IOS.ActiveCfg = BuiltWithUnrealBuildTool|Win32
		{66AD8729-D700-4CB2-BC04-C8788059DBD1}.DebugGame|Win32.ActiveCfg = BuiltWithUnrealBuildTool|Win32
		{66AD8729-D700-4CB2-BC04-C8788059DBD1}.DebugGame|Win64.ActiveCfg = BuiltWithUnrealBuildTool|Win32
		{66AD8729-D700-4CB2-BC04-C8788059DBD1}.Development Editor|IOS.ActiveCfg = BuiltWithUnrealBuildTool|Win32
		{66AD8729-D700-4CB2-BC04-C8788059DBD1}.Development Editor|Win32.ActiveCfg = BuiltWithUnrealBuildTool|Win32
		{66AD8729-D700-4CB2-BC04-C8788059DBD1}.Development Editor|Win64.ActiveCfg = BuiltWithUnrealBuildTool|Win32
		{66AD8729-D700-4CB2-BC04-C8788059DBD1}.Development|IOS.ActiveCfg = BuiltWithUnrealBuildTool|Win32
		{66AD8729-D700-4CB2-BC04-C8788059DBD1}.Development|Win32.ActiveCfg = BuiltWithUnrealBuildTool|Win32
		{66AD8729-D700-4CB2-BC04-C8788059DBD1}.Development|Win64.ActiveCfg = BuiltWithUnrealBuildTool|Win32
		{66AD8729-D700-4CB2-BC04-C8788059DBD1}.Shipping|IOS.ActiveCfg = BuiltWithUnrealBuildTool|Win32
		{66AD8729-D700-4CB2-BC04-C8788059DBD1}.Shipping|Win32.ActiveCfg = BuiltWithUnrealBuildTool|Win32
		{66AD8729-D700-4CB2-BC04-C8788059DBD1}.Shipping|Win64.ActiveCfg = BuiltWithUnrealBuildTool|Win32
		{1F31DD1C-097A-42B9-A359-4440A9D1536F}.DebugGame Editor|IOS.ActiveCfg = Invalid|Win32
		{1F31DD1C-097A-42B9-A359-4440A9D1536F}.DebugGame Editor|Win32.ActiveCfg = Invalid|Win32
		{1F31DD1C-097A-42B9-A359-4440A9D1536F}.DebugGame Editor|Win64.ActiveCfg = DebugGame_Editor|x64
		{1F31DD1C-097A-42B9-A359-4440A9D1536F}.DebugGame Editor|Win64.Build.0 = DebugGame_Editor|x64
		{1F31DD1C-097A-42B9-A359-4440A9D1536F}.DebugGame|IOS.ActiveCfg = IOS_DebugGame|Win32
		{1F31DD1C-097A-42B9-A359-4440A9D1536F}.DebugGame|IOS.Build.0 = IOS_DebugGame|Win32
		{1F31DD1C-097A-42B9-A359-4440A9D1536F}.DebugGame|Win32.ActiveCfg = DebugGame|Win32
		{1F31DD1C-097A-42B9-A359-4440A9D1536F}.DebugGame|Win32.Build.0 = DebugGame|Win32
		{1F31DD1C-097A-42B9-A359-4440A9D1536F}.DebugGame|Win64.ActiveCfg = DebugGame|x64
		{1F31DD1C-097A-42B9-A359-4440A9D1536F}.DebugGame|Win64.Build.0 = DebugGame|x64
		{1F31DD1C-097A-42B9-A359-4440A9D1536F}.Development Editor|IOS.ActiveCfg = Invalid|Win32
		{1F31DD1C-097A-42B9-A359-4440A9D1536F}.Development Editor|Win32.ActiveCfg = Invalid|Win32
		{1F31DD1C-097A-42B9-A359-4440A9D1536F}.Development Editor|Win64.ActiveCfg = Development_Editor|x64
		{1F31DD1C-097A-42B9-A359-4440A9D1536F}.Development Editor|Win64.Build.0 = Development_Editor|x64
		{1F31DD1C-097A-42B9-A359-4440A9D1536F}.Development|IOS.ActiveCfg = IOS_Development|Win32
		{1F31DD1C-097A-42B9-A359-4440A9D1536F}.Development|IOS.Build.0 = IOS_Development|Win32
		{1F31DD1C-097A-42B9-A359-4440A9D1536F}.Development|Win32.ActiveCfg = Development|Win32
		{1F31DD1C-097A-42B9-A359-4440A9D1536F}.Development|Win32.Build.0 = Development|Win32
		{1F31DD1C-097A-42B9-A359-4440A9D1536F}.Development|Win64.ActiveCfg = Development|x64
		{1F31DD1C-097A-42B9-A359-4440A9D1536F}.Development|Win64.Build.0 = Development|x64
		{1F31DD1C-097A-42B9-A359-4440A9D1536F}.Shipping|IOS.ActiveCfg = IOS_Shipping|Win32
		{1F31DD1C-097A-42B9-A359-4440A9D1536F}.Shipping|IOS.Build.0 = IOS_Shipping|Win32
		{1F31DD1C-097A-42B9-A359-4440A9D1536F}.Shipping|Win32.ActiveCfg = Shipping|Win32
		{1F31DD1C-097A-42B9-A359-4440A9D1536F}.Shipping|Win32.Build.0 = Shipping|Win32
		{1F31DD1C-097A-42B9-A359-4440A9D1536F}.Shipping|Win64.ActiveCfg = Shipping|x64
		{1F31DD1C-097A-42B9-A359-4440A9D1536F}.Shipping|Win64.Build.0 = Shipping|x64
	EndGlobalSection
	GlobalSection(SolutionProperties) = preSolution
		HideSolutionNode = FALSE
	EndGlobalSection
	GlobalSection(NestedProjects) = preSolution
		{66AD8729-D700-4CB2-BC04-C8788059DBD1} = {7EB055F6-5379-4A76-A42C-A69678E6015A}
		{1F31DD1C-097A-42B9-A359-4440A9D1536F} = {4C33F02D-8DA0-442A-A650-8656AA8C2BC0}
	EndGlobalSection
EndGlobal
